{
  "name": "@navima/dscript",
  "version": "1.0.12",
  "lockfileVersion": 3,
  "requires": true,
  "packages": {
    "": {
      "name": "@navima/dscript",
      "version": "1.0.12",
      "license": "UNLICENSED",
      "dependencies": {
        "antlr4": "4.x"
      },
      "devDependencies": {
        "typescript": "5.x"
      }
    },
    "node_modules/antlr4": {
      "version": "4.13.1",
      "resolved": "https://registry.npmjs.org/antlr4/-/antlr4-4.13.1.tgz",
      "integrity": "sha512-kiXTspaRYvnIArgE97z5YVVf/cDVQABr3abFRR6mE7yesLMkgu4ujuyV/sgxafQ8wgve0DJQUJ38Z8tkgA2izA==",
      "engines": {
        "node": ">=16"
      }
    },
    "node_modules/typescript": {
      "version": "5.4.2",
      "resolved": "https://registry.npmjs.org/typescript/-/typescript-5.4.2.tgz",
      "integrity": "sha512-+2/g0Fds1ERlP6JsakQQDXjZdZMM+rqpamFZJEKh4kwTIn3iDkgKtby0CeNd5ATNZ4Ry1ax15TMx0W2V+miizQ==",
      "dev": true,
      "bin": {
        "tsc": "bin/tsc",
        "tsserver": "bin/tsserver"
      },
      "engines": {
        "node": ">=14.17"
      }
    }
  }
}
